
Microsoft Visual Studio Solution File, Format Version 12.00
# Visual Studio Version 16
VisualStudioVersion = 16.0.29728.190
MinimumVisualStudioVersion = 10.0.40219.1
Project("{FAE04EC0-301F-11D3-BF4B-00C04F79EFBC}") = "WebApplication18", "WebApplication18\WebApplication18.csproj", "{ED337ADC-D7C5-4F56-9427-71A46666EE60}"
EndProject
Global
	GlobalSection(SolutionConfigurationPlatforms) = preSolution
		Debug|Any CPU = Debug|Any CPU
		Release|Any CPU = Release|Any CPU
	EndGlobalSection
	GlobalSection(ProjectConfigurationPlatforms) = postSolution
		{ED337ADC-D7C5-4F56-9427-71A46666EE60}.Debug|Any CPU.ActiveCfg = Debug|Any CPU
		{ED337ADC-D7C5-4F56-9427-71A46666EE60}.Debug|Any CPU.Build.0 = Debug|Any CPU
		{ED337ADC-D7C5-4F56-9427-71A46666EE60}.Release|Any CPU.ActiveCfg = Release|Any CPU
		{ED337ADC-D7C5-4F56-9427-71A46666EE60}.Release|Any CPU.Build.0 = Release|Any CPU
	EndGlobalSection
	GlobalSection(SolutionProperties) = preSolution
		HideSolutionNode = FALSE
	EndGlobalSection
	GlobalSection(ExtensibilityGlobals) = postSolution
		SolutionGuid = {08E8D87F-2F1B-49F1-8324-DA9A518413FB}
	EndGlobalSection
EndGlobal
